
Microsoft Visual Studio Solution File, Format Version 12.00
# Visual Studio Version 17
VisualStudioVersion = 17.4.33213.308
MinimumVisualStudioVersion = 10.0.40219.1
Project("{13B669BE-BB05-4DDF-9536-439F39A36129}") = "DTRMS", "DTRMS.phpproj", "{6186F247-6744-42DA-8DFF-5AF13AB936EE}"
EndProject
Global
	GlobalSection(SolutionConfigurationPlatforms) = preSolution
		Debug|Any CPU = Debug|Any CPU
		Release|Any CPU = Release|Any CPU
	EndGlobalSection
	GlobalSection(ProjectConfigurationPlatforms) = postSolution
		{6186F247-6744-42DA-8DFF-5AF13AB936EE}.Debug|Any CPU.ActiveCfg = Debug|Any CPU
		{6186F247-6744-42DA-8DFF-5AF13AB936EE}.Debug|Any CPU.Build.0 = Debug|Any CPU
		{6186F247-6744-42DA-8DFF-5AF13AB936EE}.Release|Any CPU.ActiveCfg = Release|Any CPU
		{6186F247-6744-42DA-8DFF-5AF13AB936EE}.Release|Any CPU.Build.0 = Release|Any CPU
	EndGlobalSection
	GlobalSection(SolutionProperties) = preSolution
		HideSolutionNode = FALSE
	EndGlobalSection
	GlobalSection(ExtensibilityGlobals) = postSolution
		SolutionGuid = {CBD82F59-13E7-42E5-A909-0D03F29761C9}
	EndGlobalSection
EndGlobal
